
Microsoft Visual Studio Solution File, Format Version 12.00
# Visual Studio Version 17
VisualStudioVersion = 17.7.34202.233
MinimumVisualStudioVersion = 10.0.40219.1
Project("{FAE04EC0-301F-11D3-BF4B-00C04F79EFBC}") = "PolimorphicJsonSample.Attibutes", "src\PolimorphicJsonSample.Attibutes\PolimorphicJsonSample.Attibutes.csproj", "{116249ED-B582-442C-BAB5-87770BBAFFF4}"
EndProject
Project("{FAE04EC0-301F-11D3-BF4B-00C04F79EFBC}") = "PolimorphicJsonSample.Attibutes.Test", "test\PolimorphicJsonSample.Attibutes.Test\PolimorphicJsonSample.Attibutes.Test.csproj", "{9816D76D-84DB-42C2-9219-8731CBCC1F06}"
EndProject
Global
	GlobalSection(SolutionConfigurationPlatforms) = preSolution
		Debug|Any CPU = Debug|Any CPU
		Release|Any CPU = Release|Any CPU
	EndGlobalSection
	GlobalSection(ProjectConfigurationPlatforms) = postSolution
		{116249ED-B582-442C-BAB5-87770BBAFFF4}.Debug|Any CPU.ActiveCfg = Debug|Any CPU
		{116249ED-B582-442C-BAB5-87770BBAFFF4}.Debug|Any CPU.Build.0 = Debug|Any CPU
		{116249ED-B582-442C-BAB5-87770BBAFFF4}.Release|Any CPU.ActiveCfg = Release|Any CPU
		{116249ED-B582-442C-BAB5-87770BBAFFF4}.Release|Any CPU.Build.0 = Release|Any CPU
		{9816D76D-84DB-42C2-9219-8731CBCC1F06}.Debug|Any CPU.ActiveCfg = Debug|Any CPU
		{9816D76D-84DB-42C2-9219-8731CBCC1F06}.Debug|Any CPU.Build.0 = Debug|Any CPU
		{9816D76D-84DB-42C2-9219-8731CBCC1F06}.Release|Any CPU.ActiveCfg = Release|Any CPU
		{9816D76D-84DB-42C2-9219-8731CBCC1F06}.Release|Any CPU.Build.0 = Release|Any CPU
	EndGlobalSection
	GlobalSection(SolutionProperties) = preSolution
		HideSolutionNode = FALSE
	EndGlobalSection
	GlobalSection(ExtensibilityGlobals) = postSolution
		SolutionGuid = {4C91AB8F-1430-4A29-94C3-4FDD45154D34}
	EndGlobalSection
EndGlobal
